
Microsoft Visual Studio Solution File, Format Version 12.00
# Visual Studio Version 16
VisualStudioVersion = 16.0.30503.244
MinimumVisualStudioVersion = 10.0.40219.1
Project("{FAE04EC0-301F-11D3-BF4B-00C04F79EFBC}") = "CiaoZombie", "CiaoZombie\CiaoZombie.csproj", "{EE7C67E9-7BDE-48BD-B77E-5405C362734A}"
EndProject
Global
	GlobalSection(SolutionConfigurationPlatforms) = preSolution
		Debug|Any CPU = Debug|Any CPU
		Release|Any CPU = Release|Any CPU
	EndGlobalSection
	GlobalSection(ProjectConfigurationPlatforms) = postSolution
		{EE7C67E9-7BDE-48BD-B77E-5405C362734A}.Debug|Any CPU.ActiveCfg = Debug|Any CPU
		{EE7C67E9-7BDE-48BD-B77E-5405C362734A}.Debug|Any CPU.Build.0 = Debug|Any CPU
		{EE7C67E9-7BDE-48BD-B77E-5405C362734A}.Release|Any CPU.ActiveCfg = Release|Any CPU
		{EE7C67E9-7BDE-48BD-B77E-5405C362734A}.Release|Any CPU.Build.0 = Release|Any CPU
	EndGlobalSection
	GlobalSection(SolutionProperties) = preSolution
		HideSolutionNode = FALSE
	EndGlobalSection
	GlobalSection(ExtensibilityGlobals) = postSolution
		SolutionGuid = {610B28B1-908E-4D2E-8720-49D46F3CF250}
	EndGlobalSection
EndGlobal
