
Microsoft Visual Studio Solution File, Format Version 12.00
# Visual Studio Version 16
VisualStudioVersion = 16.0.30907.101
MinimumVisualStudioVersion = 10.0.40219.1
Project("{FAE04EC0-301F-11D3-BF4B-00C04F79EFBC}") = "FIleDiTesto", "FIleDiTesto\FIleDiTesto.csproj", "{57ECBA09-FC4B-4C70-BCE0-D631DC817961}"
EndProject
Global
	GlobalSection(SolutionConfigurationPlatforms) = preSolution
		Debug|Any CPU = Debug|Any CPU
		Release|Any CPU = Release|Any CPU
	EndGlobalSection
	GlobalSection(ProjectConfigurationPlatforms) = postSolution
		{57ECBA09-FC4B-4C70-BCE0-D631DC817961}.Debug|Any CPU.ActiveCfg = Debug|Any CPU
		{57ECBA09-FC4B-4C70-BCE0-D631DC817961}.Debug|Any CPU.Build.0 = Debug|Any CPU
		{57ECBA09-FC4B-4C70-BCE0-D631DC817961}.Release|Any CPU.ActiveCfg = Release|Any CPU
		{57ECBA09-FC4B-4C70-BCE0-D631DC817961}.Release|Any CPU.Build.0 = Release|Any CPU
	EndGlobalSection
	GlobalSection(SolutionProperties) = preSolution
		HideSolutionNode = FALSE
	EndGlobalSection
	GlobalSection(ExtensibilityGlobals) = postSolution
		SolutionGuid = {B3EEF77B-32E4-4C73-8069-C6FB67D01036}
	EndGlobalSection
EndGlobal
